// !$*UTF8*$!
{
	archiveVersion = 1;
	classes = {
	};
	objectVersion = 55;
	objects = {

/* Begin PBXBuildFile section */
		0D04AB1C290AEA9D00176A62 /* Couch.swift in Sources */ = {isa = PBXBuildFile; fileRef = 0D04AB1B290AEA9D00176A62 /* Couch.swift */; };
		0D04AB1E290AED8300176A62 /* CouchScene.swift in Sources */ = {isa = PBXBuildFile; fileRef = 0D04AB1D290AED8300176A62 /* CouchScene.swift */; };
		0D04AB20290B01E300176A62 /* CouchNode.swift in Sources */ = {isa = PBXBuildFile; fileRef = 0D04AB1F290B01E300176A62 /* CouchNode.swift */; };
		0D04AB22290C141900176A62 /* LockersScene.swift in Sources */ = {isa = PBXBuildFile; fileRef = 0D04AB21290C141900176A62 /* LockersScene.swift */; };
		0D04AB24290C221E00176A62 /* TableCouchNode.swift in Sources */ = {isa = PBXBuildFile; fileRef = 0D04AB23290C221E00176A62 /* TableCouchNode.swift */; };
		0D04AB26290C378700176A62 /* ChairsNode.swift in Sources */ = {isa = PBXBuildFile; fileRef = 0D04AB25290C378700176A62 /* ChairsNode.swift */; };
		0D04AB28290C494C00176A62 /* PoufNode.swift in Sources */ = {isa = PBXBuildFile; fileRef = 0D04AB27290C494C00176A62 /* PoufNode.swift */; };
		0D3ABBF929085C4F0075223A /* ThirdTableNode.swift in Sources */ = {isa = PBXBuildFile; fileRef = 0D3ABBF829085C4F0075223A /* ThirdTableNode.swift */; };
		0D3ABBFB2908650B0075223A /* BookshelfNode.swift in Sources */ = {isa = PBXBuildFile; fileRef = 0D3ABBFA2908650B0075223A /* BookshelfNode.swift */; };
		BF1CEBDB29082EDD00F0D8B6 /* TableNode.swift in Sources */ = {isa = PBXBuildFile; fileRef = BF1CEBDA29082EDD00F0D8B6 /* TableNode.swift */; };
		BF1CEBDF290830A300F0D8B6 /* AnyNode.swift in Sources */ = {isa = PBXBuildFile; fileRef = BF1CEBDE290830A300F0D8B6 /* AnyNode.swift */; };
		BF1CEBE4290834B000F0D8B6 /* ComputerNode.swift in Sources */ = {isa = PBXBuildFile; fileRef = BF1CEBE3290834B000F0D8B6 /* ComputerNode.swift */; };
		BF1CEBE62908351800F0D8B6 /* SecondeTableNode.swift in Sources */ = {isa = PBXBuildFile; fileRef = BF1CEBE52908351800F0D8B6 /* SecondeTableNode.swift */; };
		BF1CEBEB2908525000F0D8B6 /* CollectableManager.swift in Sources */ = {isa = PBXBuildFile; fileRef = BF1CEBEA2908525000F0D8B6 /* CollectableManager.swift */; };
		BF20CB3429070589003B3AA8 /* ImageBackground.swift in Sources */ = {isa = PBXBuildFile; fileRef = BF20CB3329070589003B3AA8 /* ImageBackground.swift */; };
		BF20CB3C29072C1B003B3AA8 /* LabScene.swift in Sources */ = {isa = PBXBuildFile; fileRef = BF20CB3B29072C1B003B3AA8 /* LabScene.swift */; };
		BF20CB3E29074FA1003B3AA8 /* RoomComponent.swift in Sources */ = {isa = PBXBuildFile; fileRef = BF20CB3D29074FA1003B3AA8 /* RoomComponent.swift */; };
		BF33AE972907626700880121 /* CGFloat+.swift in Sources */ = {isa = PBXBuildFile; fileRef = BF33AE962907626700880121 /* CGFloat+.swift */; };
		BF82935E2901C1FA00CFC0F8 /* ScrollBackground.swift in Sources */ = {isa = PBXBuildFile; fileRef = BF82935D2901C1FA00CFC0F8 /* ScrollBackground.swift */; };
		BF829362290227FA00CFC0F8 /* Lab.swift in Sources */ = {isa = PBXBuildFile; fileRef = BF829361290227FA00CFC0F8 /* Lab.swift */; };
		BF82936429022B8900CFC0F8 /* Lockers.swift in Sources */ = {isa = PBXBuildFile; fileRef = BF82936329022B8900CFC0F8 /* Lockers.swift */; };
		BF82936729022C9700CFC0F8 /* Kitchen.swift in Sources */ = {isa = PBXBuildFile; fileRef = BF82936629022C9700CFC0F8 /* Kitchen.swift */; };
		BF82936A290243B000CFC0F8 /* ImageConstants.swift in Sources */ = {isa = PBXBuildFile; fileRef = BF829369290243B000CFC0F8 /* ImageConstants.swift */; };
		BF82936D29030B0E00CFC0F8 /* ClickableImage.swift in Sources */ = {isa = PBXBuildFile; fileRef = BF82936C29030B0E00CFC0F8 /* ClickableImage.swift */; };
		BFB2A2052910383A0074EF8F /* ZoomView.swift in Sources */ = {isa = PBXBuildFile; fileRef = BFB2A2042910383A0074EF8F /* ZoomView.swift */; };
		BFB2A207291039610074EF8F /* Coordinator.swift in Sources */ = {isa = PBXBuildFile; fileRef = BFB2A206291039610074EF8F /* Coordinator.swift */; };
		BFB2A20A291051540074EF8F /* ViewFactory.swift in Sources */ = {isa = PBXBuildFile; fileRef = BFB2A209291051540074EF8F /* ViewFactory.swift */; };
		BFEDAA7628FF221C00652C50 /* escapeeApp.swift in Sources */ = {isa = PBXBuildFile; fileRef = BFEDAA7528FF221C00652C50 /* escapeeApp.swift */; };
		BFEDAA7828FF221C00652C50 /* GameView.swift in Sources */ = {isa = PBXBuildFile; fileRef = BFEDAA7728FF221C00652C50 /* GameView.swift */; };
		BFEDAA7A28FF221F00652C50 /* Assets.xcassets in Resources */ = {isa = PBXBuildFile; fileRef = BFEDAA7928FF221F00652C50 /* Assets.xcassets */; };
		BFEDAA7D28FF221F00652C50 /* Preview Assets.xcassets in Resources */ = {isa = PBXBuildFile; fileRef = BFEDAA7C28FF221F00652C50 /* Preview Assets.xcassets */; };
		C09E0D8A290AF9D30090495B /* CoffeeNode.swift in Sources */ = {isa = PBXBuildFile; fileRef = C09E0D89290AF9D30090495B /* CoffeeNode.swift */; };
		C0A427E629085A3D0036CFB6 /* WindowTool.swift in Sources */ = {isa = PBXBuildFile; fileRef = C0A427E529085A3D0036CFB6 /* WindowTool.swift */; };
		C0A427EA290860870036CFB6 /* ItemDock.swift in Sources */ = {isa = PBXBuildFile; fileRef = C0A427E9290860870036CFB6 /* ItemDock.swift */; };
		C0A427EE290860C40036CFB6 /* ToolModel.swift in Sources */ = {isa = PBXBuildFile; fileRef = C0A427ED290860C40036CFB6 /* ToolModel.swift */; };
/* End PBXBuildFile section */

/* Begin PBXFileReference section */
		0D04AB1B290AEA9D00176A62 /* Couch.swift */ = {isa = PBXFileReference; lastKnownFileType = sourcecode.swift; path = Couch.swift; sourceTree = "<group>"; };
		0D04AB1D290AED8300176A62 /* CouchScene.swift */ = {isa = PBXFileReference; lastKnownFileType = sourcecode.swift; path = CouchScene.swift; sourceTree = "<group>"; };
		0D04AB1F290B01E300176A62 /* CouchNode.swift */ = {isa = PBXFileReference; lastKnownFileType = sourcecode.swift; path = CouchNode.swift; sourceTree = "<group>"; };
		0D04AB21290C141900176A62 /* LockersScene.swift */ = {isa = PBXFileReference; lastKnownFileType = sourcecode.swift; path = LockersScene.swift; sourceTree = "<group>"; };
		0D04AB23290C221E00176A62 /* TableCouchNode.swift */ = {isa = PBXFileReference; lastKnownFileType = sourcecode.swift; path = TableCouchNode.swift; sourceTree = "<group>"; };
		0D04AB25290C378700176A62 /* ChairsNode.swift */ = {isa = PBXFileReference; lastKnownFileType = sourcecode.swift; path = ChairsNode.swift; sourceTree = "<group>"; };
		0D04AB27290C494C00176A62 /* PoufNode.swift */ = {isa = PBXFileReference; lastKnownFileType = sourcecode.swift; path = PoufNode.swift; sourceTree = "<group>"; };
		0D3ABBF829085C4F0075223A /* ThirdTableNode.swift */ = {isa = PBXFileReference; lastKnownFileType = sourcecode.swift; path = ThirdTableNode.swift; sourceTree = "<group>"; };
		0D3ABBFA2908650B0075223A /* BookshelfNode.swift */ = {isa = PBXFileReference; lastKnownFileType = sourcecode.swift; path = BookshelfNode.swift; sourceTree = "<group>"; };
		BF1CEBDA29082EDD00F0D8B6 /* TableNode.swift */ = {isa = PBXFileReference; lastKnownFileType = sourcecode.swift; path = TableNode.swift; sourceTree = "<group>"; };
		BF1CEBDE290830A300F0D8B6 /* AnyNode.swift */ = {isa = PBXFileReference; lastKnownFileType = sourcecode.swift; path = AnyNode.swift; sourceTree = "<group>"; };
		BF1CEBE3290834B000F0D8B6 /* ComputerNode.swift */ = {isa = PBXFileReference; lastKnownFileType = sourcecode.swift; path = ComputerNode.swift; sourceTree = "<group>"; };
		BF1CEBE52908351800F0D8B6 /* SecondeTableNode.swift */ = {isa = PBXFileReference; lastKnownFileType = sourcecode.swift; path = SecondeTableNode.swift; sourceTree = "<group>"; };
		BF1CEBEA2908525000F0D8B6 /* CollectableManager.swift */ = {isa = PBXFileReference; lastKnownFileType = sourcecode.swift; path = CollectableManager.swift; sourceTree = "<group>"; };
		BF20CB3329070589003B3AA8 /* ImageBackground.swift */ = {isa = PBXFileReference; lastKnownFileType = sourcecode.swift; path = ImageBackground.swift; sourceTree = "<group>"; };
		BF20CB3B29072C1B003B3AA8 /* LabScene.swift */ = {isa = PBXFileReference; lastKnownFileType = sourcecode.swift; path = LabScene.swift; sourceTree = "<group>"; };
		BF20CB3D29074FA1003B3AA8 /* RoomComponent.swift */ = {isa = PBXFileReference; lastKnownFileType = sourcecode.swift; path = RoomComponent.swift; sourceTree = "<group>"; };
		BF33AE962907626700880121 /* CGFloat+.swift */ = {isa = PBXFileReference; lastKnownFileType = sourcecode.swift; path = "CGFloat+.swift"; sourceTree = "<group>"; };
		BF82935D2901C1FA00CFC0F8 /* ScrollBackground.swift */ = {isa = PBXFileReference; lastKnownFileType = sourcecode.swift; path = ScrollBackground.swift; sourceTree = "<group>"; };
		BF829361290227FA00CFC0F8 /* Lab.swift */ = {isa = PBXFileReference; lastKnownFileType = sourcecode.swift; path = Lab.swift; sourceTree = "<group>"; };
		BF82936329022B8900CFC0F8 /* Lockers.swift */ = {isa = PBXFileReference; lastKnownFileType = sourcecode.swift; path = Lockers.swift; sourceTree = "<group>"; };
		BF82936629022C9700CFC0F8 /* Kitchen.swift */ = {isa = PBXFileReference; lastKnownFileType = sourcecode.swift; path = Kitchen.swift; sourceTree = "<group>"; };
		BF829369290243B000CFC0F8 /* ImageConstants.swift */ = {isa = PBXFileReference; lastKnownFileType = sourcecode.swift; path = ImageConstants.swift; sourceTree = "<group>"; };
		BF82936C29030B0E00CFC0F8 /* ClickableImage.swift */ = {isa = PBXFileReference; lastKnownFileType = sourcecode.swift; path = ClickableImage.swift; sourceTree = "<group>"; };
		BFB2A2042910383A0074EF8F /* ZoomView.swift */ = {isa = PBXFileReference; lastKnownFileType = sourcecode.swift; path = ZoomView.swift; sourceTree = "<group>"; };
		BFB2A206291039610074EF8F /* Coordinator.swift */ = {isa = PBXFileReference; lastKnownFileType = sourcecode.swift; path = Coordinator.swift; sourceTree = "<group>"; };
		BFB2A209291051540074EF8F /* ViewFactory.swift */ = {isa = PBXFileReference; lastKnownFileType = sourcecode.swift; path = ViewFactory.swift; sourceTree = "<group>"; };
		BFEDAA7228FF221C00652C50 /* Esca.pee.app */ = {isa = PBXFileReference; explicitFileType = wrapper.application; includeInIndex = 0; path = Esca.pee.app; sourceTree = BUILT_PRODUCTS_DIR; };
		BFEDAA7528FF221C00652C50 /* escapeeApp.swift */ = {isa = PBXFileReference; lastKnownFileType = sourcecode.swift; path = escapeeApp.swift; sourceTree = "<group>"; };
		BFEDAA7728FF221C00652C50 /* GameView.swift */ = {isa = PBXFileReference; lastKnownFileType = sourcecode.swift; path = GameView.swift; sourceTree = "<group>"; };
		BFEDAA7928FF221F00652C50 /* Assets.xcassets */ = {isa = PBXFileReference; lastKnownFileType = folder.assetcatalog; path = Assets.xcassets; sourceTree = "<group>"; };
		BFEDAA7C28FF221F00652C50 /* Preview Assets.xcassets */ = {isa = PBXFileReference; lastKnownFileType = folder.assetcatalog; path = "Preview Assets.xcassets"; sourceTree = "<group>"; };
		C09E0D89290AF9D30090495B /* CoffeeNode.swift */ = {isa = PBXFileReference; lastKnownFileType = sourcecode.swift; path = CoffeeNode.swift; sourceTree = "<group>"; };
		C0A427E529085A3D0036CFB6 /* WindowTool.swift */ = {isa = PBXFileReference; lastKnownFileType = sourcecode.swift; path = WindowTool.swift; sourceTree = "<group>"; };
		C0A427E9290860870036CFB6 /* ItemDock.swift */ = {isa = PBXFileReference; lastKnownFileType = sourcecode.swift; path = ItemDock.swift; sourceTree = "<group>"; };
		C0A427ED290860C40036CFB6 /* ToolModel.swift */ = {isa = PBXFileReference; lastKnownFileType = sourcecode.swift; path = ToolModel.swift; sourceTree = "<group>"; };
/* End PBXFileReference section */

/* Begin PBXFrameworksBuildPhase section */
		BFEDAA6F28FF221C00652C50 /* Frameworks */ = {
			isa = PBXFrameworksBuildPhase;
			buildActionMask = 2147483647;
			files = (
			);
			runOnlyForDeploymentPostprocessing = 0;
		};
/* End PBXFrameworksBuildPhase section */

/* Begin PBXGroup section */
		0D04AB1A290AEA8000176A62 /* Couch */ = {
			isa = PBXGroup;
			children = (
				0D04AB1B290AEA9D00176A62 /* Couch.swift */,
				0D04AB1D290AED8300176A62 /* CouchScene.swift */,
				0D04AB1F290B01E300176A62 /* CouchNode.swift */,
			);
			path = Couch;
			sourceTree = "<group>";
		};
		BF1CEBDD2908309500F0D8B6 /* Protocols */ = {
			isa = PBXGroup;
			children = (
				BF1CEBDE290830A300F0D8B6 /* AnyNode.swift */,
			);
			path = Protocols;
			sourceTree = "<group>";
		};
		BF1CEBE02908322300F0D8B6 /* Lab */ = {
			isa = PBXGroup;
			children = (
				BF20CB3B29072C1B003B3AA8 /* LabScene.swift */,
				BF829361290227FA00CFC0F8 /* Lab.swift */,
				BF1CEBDA29082EDD00F0D8B6 /* TableNode.swift */,
				BF1CEBE3290834B000F0D8B6 /* ComputerNode.swift */,
				BF1CEBE52908351800F0D8B6 /* SecondeTableNode.swift */,
				0D3ABBF829085C4F0075223A /* ThirdTableNode.swift */,
				0D3ABBFA2908650B0075223A /* BookshelfNode.swift */,
				C09E0D89290AF9D30090495B /* CoffeeNode.swift */,
			);
			path = Lab;
			sourceTree = "<group>";
		};
		BF1CEBE12908324100F0D8B6 /* Lockers */ = {
			isa = PBXGroup;
			children = (
				BF82936329022B8900CFC0F8 /* Lockers.swift */,
				0D04AB21290C141900176A62 /* LockersScene.swift */,
				0D04AB23290C221E00176A62 /* TableCouchNode.swift */,
				0D04AB25290C378700176A62 /* ChairsNode.swift */,
				0D04AB27290C494C00176A62 /* PoufNode.swift */,
			);
			path = Lockers;
			sourceTree = "<group>";
		};
		BF1CEBE22908324900F0D8B6 /* Kitchen */ = {
			isa = PBXGroup;
			children = (
				BF82936629022C9700CFC0F8 /* Kitchen.swift */,
			);
			path = Kitchen;
			sourceTree = "<group>";
		};
		BF1CEBE92908522E00F0D8B6 /* Manager */ = {
			isa = PBXGroup;
			children = (
				BF1CEBEA2908525000F0D8B6 /* CollectableManager.swift */,
				BFB2A206291039610074EF8F /* Coordinator.swift */,
			);
			path = Manager;
			sourceTree = "<group>";
		};
		BF20CB322907056F003B3AA8 /* Views */ = {
			isa = PBXGroup;
			children = (
				BFEDAA7728FF221C00652C50 /* GameView.swift */,
				BFB2A2042910383A0074EF8F /* ZoomView.swift */,
			);
			path = Views;
			sourceTree = "<group>";
		};
		BF33AE952907625600880121 /* Utils */ = {
			isa = PBXGroup;
			children = (
				BF33AE962907626700880121 /* CGFloat+.swift */,
			);
			path = Utils;
			sourceTree = "<group>";
		};
		BF82936529022BEA00CFC0F8 /* Rooms */ = {
			isa = PBXGroup;
			children = (
				0D04AB1A290AEA8000176A62 /* Couch */,
				BF1CEBE22908324900F0D8B6 /* Kitchen */,
				BF1CEBE12908324100F0D8B6 /* Lockers */,
				BF1CEBE02908322300F0D8B6 /* Lab */,
			);
			path = Rooms;
			sourceTree = "<group>";
		};
		BF829368290243A300CFC0F8 /* Constants */ = {
			isa = PBXGroup;
			children = (
				BF829369290243B000CFC0F8 /* ImageConstants.swift */,
			);
			path = Constants;
			sourceTree = "<group>";
		};
		BF82936B29030ADD00CFC0F8 /* Components */ = {
			isa = PBXGroup;
			children = (
				BF82935D2901C1FA00CFC0F8 /* ScrollBackground.swift */,
				BF82936C29030B0E00CFC0F8 /* ClickableImage.swift */,
				BF20CB3329070589003B3AA8 /* ImageBackground.swift */,
				BF20CB3D29074FA1003B3AA8 /* RoomComponent.swift */,
				C0A427E529085A3D0036CFB6 /* WindowTool.swift */,
				C0A427E9290860870036CFB6 /* ItemDock.swift */,
				C0A427ED290860C40036CFB6 /* ToolModel.swift */,
			);
			path = Components;
			sourceTree = "<group>";
		};
		BFB2A2082910513D0074EF8F /* Factories */ = {
			isa = PBXGroup;
			children = (
				BFB2A209291051540074EF8F /* ViewFactory.swift */,
			);
			path = Factories;
			sourceTree = "<group>";
		};
		BFEDAA6928FF221C00652C50 = {
			isa = PBXGroup;
			children = (
				BFEDAA7428FF221C00652C50 /* Esca.pee */,
				BFEDAA7328FF221C00652C50 /* Products */,
			);
			sourceTree = "<group>";
		};
		BFEDAA7328FF221C00652C50 /* Products */ = {
			isa = PBXGroup;
			children = (
				BFEDAA7228FF221C00652C50 /* Esca.pee.app */,
			);
			name = Products;
			sourceTree = "<group>";
		};
		BFEDAA7428FF221C00652C50 /* Esca.pee */ = {
			isa = PBXGroup;
			children = (
				BFB2A2082910513D0074EF8F /* Factories */,
				BF1CEBE92908522E00F0D8B6 /* Manager */,
				BF82936B29030ADD00CFC0F8 /* Components */,
				BF82936529022BEA00CFC0F8 /* Rooms */,
				BF1CEBDD2908309500F0D8B6 /* Protocols */,
				BF829368290243A300CFC0F8 /* Constants */,
				BF33AE952907625600880121 /* Utils */,
				BF20CB322907056F003B3AA8 /* Views */,
				BFEDAA7528FF221C00652C50 /* escapeeApp.swift */,
				BFEDAA7928FF221F00652C50 /* Assets.xcassets */,
				BFEDAA7B28FF221F00652C50 /* Preview Content */,
			);
			path = Esca.pee;
			sourceTree = "<group>";
		};
		BFEDAA7B28FF221F00652C50 /* Preview Content */ = {
			isa = PBXGroup;
			children = (
				BFEDAA7C28FF221F00652C50 /* Preview Assets.xcassets */,
			);
			path = "Preview Content";
			sourceTree = "<group>";
		};
/* End PBXGroup section */

/* Begin PBXNativeTarget section */
		BFEDAA7128FF221C00652C50 /* Esca.pee */ = {
			isa = PBXNativeTarget;
			buildConfigurationList = BFEDAA8028FF221F00652C50 /* Build configuration list for PBXNativeTarget "Esca.pee" */;
			buildPhases = (
				BFEDAA6E28FF221C00652C50 /* Sources */,
				BFEDAA6F28FF221C00652C50 /* Frameworks */,
				BFEDAA7028FF221C00652C50 /* Resources */,
			);
			buildRules = (
			);
			dependencies = (
			);
			name = Esca.pee;
			productName = dispersinhos;
			productReference = BFEDAA7228FF221C00652C50 /* Esca.pee.app */;
			productType = "com.apple.product-type.application";
		};
/* End PBXNativeTarget section */

/* Begin PBXProject section */
		BFEDAA6A28FF221C00652C50 /* Project object */ = {
			isa = PBXProject;
			attributes = {
				BuildIndependentTargetsInParallel = 1;
				LastSwiftUpdateCheck = 1340;
				LastUpgradeCheck = 1340;
				TargetAttributes = {
					BFEDAA7128FF221C00652C50 = {
						CreatedOnToolsVersion = 13.4.1;
					};
				};
			};
			buildConfigurationList = BFEDAA6D28FF221C00652C50 /* Build configuration list for PBXProject "Esca.pee" */;
			compatibilityVersion = "Xcode 13.0";
			developmentRegion = en;
			hasScannedForEncodings = 0;
			knownRegions = (
				en,
				Base,
			);
			mainGroup = BFEDAA6928FF221C00652C50;
			productRefGroup = BFEDAA7328FF221C00652C50 /* Products */;
			projectDirPath = "";
			projectRoot = "";
			targets = (
				BFEDAA7128FF221C00652C50 /* Esca.pee */,
			);
		};
/* End PBXProject section */

/* Begin PBXResourcesBuildPhase section */
		BFEDAA7028FF221C00652C50 /* Resources */ = {
			isa = PBXResourcesBuildPhase;
			buildActionMask = 2147483647;
			files = (
				BFEDAA7D28FF221F00652C50 /* Preview Assets.xcassets in Resources */,
				BFEDAA7A28FF221F00652C50 /* Assets.xcassets in Resources */,
			);
			runOnlyForDeploymentPostprocessing = 0;
		};
/* End PBXResourcesBuildPhase section */

/* Begin PBXSourcesBuildPhase section */
		BFEDAA6E28FF221C00652C50 /* Sources */ = {
			isa = PBXSourcesBuildPhase;
			buildActionMask = 2147483647;
			files = (
				BF1CEBE62908351800F0D8B6 /* SecondeTableNode.swift in Sources */,
				BF82936A290243B000CFC0F8 /* ImageConstants.swift in Sources */,
				C0A427EE290860C40036CFB6 /* ToolModel.swift in Sources */,
				BF82936429022B8900CFC0F8 /* Lockers.swift in Sources */,
				C09E0D8A290AF9D30090495B /* CoffeeNode.swift in Sources */,
				BF1CEBDB29082EDD00F0D8B6 /* TableNode.swift in Sources */,
				BF20CB3E29074FA1003B3AA8 /* RoomComponent.swift in Sources */,
				0D04AB26290C378700176A62 /* ChairsNode.swift in Sources */,
				BF82935E2901C1FA00CFC0F8 /* ScrollBackground.swift in Sources */,
				BF33AE972907626700880121 /* CGFloat+.swift in Sources */,
				BF20CB3429070589003B3AA8 /* ImageBackground.swift in Sources */,
				BFB2A207291039610074EF8F /* Coordinator.swift in Sources */,
				0D3ABBF929085C4F0075223A /* ThirdTableNode.swift in Sources */,
				0D04AB1E290AED8300176A62 /* CouchScene.swift in Sources */,
				0D04AB20290B01E300176A62 /* CouchNode.swift in Sources */,
				BFEDAA7828FF221C00652C50 /* GameView.swift in Sources */,
				C0A427EA290860870036CFB6 /* ItemDock.swift in Sources */,
				0D3ABBFB2908650B0075223A /* BookshelfNode.swift in Sources */,
				0D04AB22290C141900176A62 /* LockersScene.swift in Sources */,
				BFB2A20A291051540074EF8F /* ViewFactory.swift in Sources */,
				BF1CEBEB2908525000F0D8B6 /* CollectableManager.swift in Sources */,
				BF82936D29030B0E00CFC0F8 /* ClickableImage.swift in Sources */,
				0D04AB24290C221E00176A62 /* TableCouchNode.swift in Sources */,
				BF829362290227FA00CFC0F8 /* Lab.swift in Sources */,
				BF1CEBDF290830A300F0D8B6 /* AnyNode.swift in Sources */,
				BF20CB3C29072C1B003B3AA8 /* LabScene.swift in Sources */,
				0D04AB1C290AEA9D00176A62 /* Couch.swift in Sources */,
				BF82936729022C9700CFC0F8 /* Kitchen.swift in Sources */,
				BFEDAA7628FF221C00652C50 /* escapeeApp.swift in Sources */,
				0D04AB28290C494C00176A62 /* PoufNode.swift in Sources */,
				BFB2A2052910383A0074EF8F /* ZoomView.swift in Sources */,
				BF1CEBE4290834B000F0D8B6 /* ComputerNode.swift in Sources */,
				C0A427E629085A3D0036CFB6 /* WindowTool.swift in Sources */,
			);
			runOnlyForDeploymentPostprocessing = 0;
		};
/* End PBXSourcesBuildPhase section */

/* Begin XCBuildConfiguration section */
		BFEDAA7E28FF221F00652C50 /* Debug */ = {
			isa = XCBuildConfiguration;
			buildSettings = {
				ALWAYS_SEARCH_USER_PATHS = NO;
				CLANG_ANALYZER_NONNULL = YES;
				CLANG_ANALYZER_NUMBER_OBJECT_CONVERSION = YES_AGGRESSIVE;
				CLANG_CXX_LANGUAGE_STANDARD = "gnu++17";
				CLANG_ENABLE_MODULES = YES;
				CLANG_ENABLE_OBJC_ARC = YES;
				CLANG_ENABLE_OBJC_WEAK = YES;
				CLANG_WARN_BLOCK_CAPTURE_AUTORELEASING = YES;
				CLANG_WARN_BOOL_CONVERSION = YES;
				CLANG_WARN_COMMA = YES;
				CLANG_WARN_CONSTANT_CONVERSION = YES;
				CLANG_WARN_DEPRECATED_OBJC_IMPLEMENTATIONS = YES;
				CLANG_WARN_DIRECT_OBJC_ISA_USAGE = YES_ERROR;
				CLANG_WARN_DOCUMENTATION_COMMENTS = YES;
				CLANG_WARN_EMPTY_BODY = YES;
				CLANG_WARN_ENUM_CONVERSION = YES;
				CLANG_WARN_INFINITE_RECURSION = YES;
				CLANG_WARN_INT_CONVERSION = YES;
				CLANG_WARN_NON_LITERAL_NULL_CONVERSION = YES;
				CLANG_WARN_OBJC_IMPLICIT_RETAIN_SELF = YES;
				CLANG_WARN_OBJC_LITERAL_CONVERSION = YES;
				CLANG_WARN_OBJC_ROOT_CLASS = YES_ERROR;
				CLANG_WARN_QUOTED_INCLUDE_IN_FRAMEWORK_HEADER = YES;
				CLANG_WARN_RANGE_LOOP_ANALYSIS = YES;
				CLANG_WARN_STRICT_PROTOTYPES = YES;
				CLANG_WARN_SUSPICIOUS_MOVE = YES;
				CLANG_WARN_UNGUARDED_AVAILABILITY = YES_AGGRESSIVE;
				CLANG_WARN_UNREACHABLE_CODE = YES;
				CLANG_WARN__DUPLICATE_METHOD_MATCH = YES;
				COPY_PHASE_STRIP = NO;
				DEBUG_INFORMATION_FORMAT = dwarf;
				ENABLE_STRICT_OBJC_MSGSEND = YES;
				ENABLE_TESTABILITY = YES;
				GCC_C_LANGUAGE_STANDARD = gnu11;
				GCC_DYNAMIC_NO_PIC = NO;
				GCC_NO_COMMON_BLOCKS = YES;
				GCC_OPTIMIZATION_LEVEL = 0;
				GCC_PREPROCESSOR_DEFINITIONS = (
					"DEBUG=1",
					"$(inherited)",
				);
				GCC_WARN_64_TO_32_BIT_CONVERSION = YES;
				GCC_WARN_ABOUT_RETURN_TYPE = YES_ERROR;
				GCC_WARN_UNDECLARED_SELECTOR = YES;
				GCC_WARN_UNINITIALIZED_AUTOS = YES_AGGRESSIVE;
				GCC_WARN_UNUSED_FUNCTION = YES;
				GCC_WARN_UNUSED_VARIABLE = YES;
				IPHONEOS_DEPLOYMENT_TARGET = 15.5;
				MTL_ENABLE_DEBUG_INFO = INCLUDE_SOURCE;
				MTL_FAST_MATH = YES;
				ONLY_ACTIVE_ARCH = YES;
				SDKROOT = iphoneos;
				SWIFT_ACTIVE_COMPILATION_CONDITIONS = DEBUG;
				SWIFT_OPTIMIZATION_LEVEL = "-Onone";
			};
			name = Debug;
		};
		BFEDAA7F28FF221F00652C50 /* Release */ = {
			isa = XCBuildConfiguration;
			buildSettings = {
				ALWAYS_SEARCH_USER_PATHS = NO;
				CLANG_ANALYZER_NONNULL = YES;
				CLANG_ANALYZER_NUMBER_OBJECT_CONVERSION = YES_AGGRESSIVE;
				CLANG_CXX_LANGUAGE_STANDARD = "gnu++17";
				CLANG_ENABLE_MODULES = YES;
				CLANG_ENABLE_OBJC_ARC = YES;
				CLANG_ENABLE_OBJC_WEAK = YES;
				CLANG_WARN_BLOCK_CAPTURE_AUTORELEASING = YES;
				CLANG_WARN_BOOL_CONVERSION = YES;
				CLANG_WARN_COMMA = YES;
				CLANG_WARN_CONSTANT_CONVERSION = YES;
				CLANG_WARN_DEPRECATED_OBJC_IMPLEMENTATIONS = YES;
				CLANG_WARN_DIRECT_OBJC_ISA_USAGE = YES_ERROR;
				CLANG_WARN_DOCUMENTATION_COMMENTS = YES;
				CLANG_WARN_EMPTY_BODY = YES;
				CLANG_WARN_ENUM_CONVERSION = YES;
				CLANG_WARN_INFINITE_RECURSION = YES;
				CLANG_WARN_INT_CONVERSION = YES;
				CLANG_WARN_NON_LITERAL_NULL_CONVERSION = YES;
				CLANG_WARN_OBJC_IMPLICIT_RETAIN_SELF = YES;
				CLANG_WARN_OBJC_LITERAL_CONVERSION = YES;
				CLANG_WARN_OBJC_ROOT_CLASS = YES_ERROR;
				CLANG_WARN_QUOTED_INCLUDE_IN_FRAMEWORK_HEADER = YES;
				CLANG_WARN_RANGE_LOOP_ANALYSIS = YES;
				CLANG_WARN_STRICT_PROTOTYPES = YES;
				CLANG_WARN_SUSPICIOUS_MOVE = YES;
				CLANG_WARN_UNGUARDED_AVAILABILITY = YES_AGGRESSIVE;
				CLANG_WARN_UNREACHABLE_CODE = YES;
				CLANG_WARN__DUPLICATE_METHOD_MATCH = YES;
				COPY_PHASE_STRIP = NO;
				DEBUG_INFORMATION_FORMAT = "dwarf-with-dsym";
				ENABLE_NS_ASSERTIONS = NO;
				ENABLE_STRICT_OBJC_MSGSEND = YES;
				GCC_C_LANGUAGE_STANDARD = gnu11;
				GCC_NO_COMMON_BLOCKS = YES;
				GCC_WARN_64_TO_32_BIT_CONVERSION = YES;
				GCC_WARN_ABOUT_RETURN_TYPE = YES_ERROR;
				GCC_WARN_UNDECLARED_SELECTOR = YES;
				GCC_WARN_UNINITIALIZED_AUTOS = YES_AGGRESSIVE;
				GCC_WARN_UNUSED_FUNCTION = YES;
				GCC_WARN_UNUSED_VARIABLE = YES;
				IPHONEOS_DEPLOYMENT_TARGET = 15.5;
				MTL_ENABLE_DEBUG_INFO = NO;
				MTL_FAST_MATH = YES;
				SDKROOT = iphoneos;
				SWIFT_COMPILATION_MODE = wholemodule;
				SWIFT_OPTIMIZATION_LEVEL = "-O";
				VALIDATE_PRODUCT = YES;
			};
			name = Release;
		};
		BFEDAA8128FF221F00652C50 /* Debug */ = {
			isa = XCBuildConfiguration;
			buildSettings = {
				ASSETCATALOG_COMPILER_APPICON_NAME = AppIcon;
				ASSETCATALOG_COMPILER_GLOBAL_ACCENT_COLOR_NAME = AccentColor;
				CODE_SIGN_STYLE = Automatic;
				CURRENT_PROJECT_VERSION = 1;
				DEVELOPMENT_ASSET_PATHS = "\"Esca.pee/Preview Content\"";
				DEVELOPMENT_TEAM = M3SKJK6V42;
				ENABLE_PREVIEWS = YES;
				GENERATE_INFOPLIST_FILE = YES;
				INFOPLIST_FILE = "";
				INFOPLIST_KEY_UIApplicationSceneManifest_Generation = YES;
				INFOPLIST_KEY_UIApplicationSupportsIndirectInputEvents = YES;
				INFOPLIST_KEY_UILaunchScreen_Generation = YES;
				INFOPLIST_KEY_UIRequiresFullScreen = YES;
				INFOPLIST_KEY_UISupportedInterfaceOrientations = "UIInterfaceOrientationLandscapeLeft UIInterfaceOrientationLandscapeRight";
				INFOPLIST_KEY_UISupportedInterfaceOrientations_iPad = "UIInterfaceOrientationLandscapeLeft UIInterfaceOrientationLandscapeRight";
				INFOPLIST_KEY_UISupportedInterfaceOrientations_iPhone = "UIInterfaceOrientationLandscapeLeft UIInterfaceOrientationLandscapeRight";
				LD_RUNPATH_SEARCH_PATHS = (
					"$(inherited)",
					"@executable_path/Frameworks",
				);
				MARKETING_VERSION = 1.0;
				PRODUCT_BUNDLE_IDENTIFIER = academy.s.Esca.pee;
				PRODUCT_NAME = "$(TARGET_NAME)";
				SWIFT_EMIT_LOC_STRINGS = YES;
				SWIFT_VERSION = 5.0;
				TARGETED_DEVICE_FAMILY = "1,2";
			};
			name = Debug;
		};
		BFEDAA8228FF221F00652C50 /* Release */ = {
			isa = XCBuildConfiguration;
			buildSettings = {
				ASSETCATALOG_COMPILER_APPICON_NAME = AppIcon;
				ASSETCATALOG_COMPILER_GLOBAL_ACCENT_COLOR_NAME = AccentColor;
				CODE_SIGN_STYLE = Automatic;
				CURRENT_PROJECT_VERSION = 1;
				DEVELOPMENT_ASSET_PATHS = "\"Esca.pee/Preview Content\"";
				DEVELOPMENT_TEAM = M3SKJK6V42;
				ENABLE_PREVIEWS = YES;
				GENERATE_INFOPLIST_FILE = YES;
				INFOPLIST_FILE = "";
				INFOPLIST_KEY_UIApplicationSceneManifest_Generation = YES;
				INFOPLIST_KEY_UIApplicationSupportsIndirectInputEvents = YES;
				INFOPLIST_KEY_UILaunchScreen_Generation = YES;
				INFOPLIST_KEY_UIRequiresFullScreen = YES;
				INFOPLIST_KEY_UISupportedInterfaceOrientations = "UIInterfaceOrientationLandscapeLeft UIInterfaceOrientationLandscapeRight";
				INFOPLIST_KEY_UISupportedInterfaceOrientations_iPad = "UIInterfaceOrientationLandscapeLeft UIInterfaceOrientationLandscapeRight";
				INFOPLIST_KEY_UISupportedInterfaceOrientations_iPhone = "UIInterfaceOrientationLandscapeLeft UIInterfaceOrientationLandscapeRight";
				LD_RUNPATH_SEARCH_PATHS = (
					"$(inherited)",
					"@executable_path/Frameworks",
				);
				MARKETING_VERSION = 1.0;
				PRODUCT_BUNDLE_IDENTIFIER = academy.s.Esca.pee;
				PRODUCT_NAME = "$(TARGET_NAME)";
				SWIFT_EMIT_LOC_STRINGS = YES;
				SWIFT_VERSION = 5.0;
				TARGETED_DEVICE_FAMILY = "1,2";
			};
			name = Release;
		};
/* End XCBuildConfiguration section */

/* Begin XCConfigurationList section */
		BFEDAA6D28FF221C00652C50 /* Build configuration list for PBXProject "Esca.pee" */ = {
			isa = XCConfigurationList;
			buildConfigurations = (
				BFEDAA7E28FF221F00652C50 /* Debug */,
				BFEDAA7F28FF221F00652C50 /* Release */,
			);
			defaultConfigurationIsVisible = 0;
			defaultConfigurationName = Release;
		};
		BFEDAA8028FF221F00652C50 /* Build configuration list for PBXNativeTarget "Esca.pee" */ = {
			isa = XCConfigurationList;
			buildConfigurations = (
				BFEDAA8128FF221F00652C50 /* Debug */,
				BFEDAA8228FF221F00652C50 /* Release */,
			);
			defaultConfigurationIsVisible = 0;
			defaultConfigurationName = Release;
		};
/* End XCConfigurationList section */
	};
	rootObject = BFEDAA6A28FF221C00652C50 /* Project object */;
}
